// !$*UTF8*$!
{
	archiveVersion = 1;
	classes = {
	};
	objectVersion = 77;
	objects = {

/* Begin PBXBuildFile section */
		50EB41382D48ADFD0053E39A /* Less Timer for Watch Watch App.app in Embed Watch Content */ = {isa = PBXBuildFile; fileRef = 50EB41372D48ADFD0053E39A /* Less Timer for Watch Watch App.app */; settings = {ATTRIBUTES = (RemoveHeadersOnCopy, ); }; };
/* End PBXBuildFile section */

/* Begin PBXContainerItemProxy section */
		500C65CF2D3C49CC00FDEF0B /* PBXContainerItemProxy */ = {
			isa = PBXContainerItemProxy;
			containerPortal = 500C65B62D3C49CA00FDEF0B /* Project object */;
			proxyType = 1;
			remoteGlobalIDString = 500C65BD2D3C49CA00FDEF0B;
			remoteInfo = "Nothing Timer";
		};
		500C65D92D3C49CC00FDEF0B /* PBXContainerItemProxy */ = {
			isa = PBXContainerItemProxy;
			containerPortal = 500C65B62D3C49CA00FDEF0B /* Project object */;
			proxyType = 1;
			remoteGlobalIDString = 500C65BD2D3C49CA00FDEF0B;
			remoteInfo = "Nothing Timer";
		};
		50EB41222D48ADFD0053E39A /* PBXContainerItemProxy */ = {
			isa = PBXContainerItemProxy;
			containerPortal = 500C65B62D3C49CA00FDEF0B /* Project object */;
			proxyType = 1;
			remoteGlobalIDString = 50EB41112D48ADFB0053E39A;
			remoteInfo = "Less Timer for Watch";
		};
		50EB412C2D48ADFD0053E39A /* PBXContainerItemProxy */ = {
			isa = PBXContainerItemProxy;
			containerPortal = 500C65B62D3C49CA00FDEF0B /* Project object */;
			proxyType = 1;
			remoteGlobalIDString = 50EB41112D48ADFB0053E39A;
			remoteInfo = "Less Timer for Watch";
		};
		50EB41392D48ADFD0053E39A /* PBXContainerItemProxy */ = {
			isa = PBXContainerItemProxy;
			containerPortal = 500C65B62D3C49CA00FDEF0B /* Project object */;
			proxyType = 1;
			remoteGlobalIDString = 50EB41362D48ADFD0053E39A;
			remoteInfo = "Less Timer for Watch Watch App";
		};
		50EB414A2D48ADFE0053E39A /* PBXContainerItemProxy */ = {
			isa = PBXContainerItemProxy;
			containerPortal = 500C65B62D3C49CA00FDEF0B /* Project object */;
			proxyType = 1;
			remoteGlobalIDString = 50EB41362D48ADFD0053E39A;
			remoteInfo = "Less Timer for Watch Watch App";
		};
		50EB41542D48ADFE0053E39A /* PBXContainerItemProxy */ = {
			isa = PBXContainerItemProxy;
			containerPortal = 500C65B62D3C49CA00FDEF0B /* Project object */;
			proxyType = 1;
			remoteGlobalIDString = 50EB41362D48ADFD0053E39A;
			remoteInfo = "Less Timer for Watch Watch App";
		};
/* End PBXContainerItemProxy section */

/* Begin PBXCopyFilesBuildPhase section */
		50EB415E2D48ADFE0053E39A /* Embed Watch Content */ = {
			isa = PBXCopyFilesBuildPhase;
			buildActionMask = 2147483647;
			dstPath = "$(CONTENTS_FOLDER_PATH)/Watch";
			dstSubfolderSpec = 16;
			files = (
				50EB41382D48ADFD0053E39A /* Less Timer for Watch Watch App.app in Embed Watch Content */,
			);
			name = "Embed Watch Content";
			runOnlyForDeploymentPostprocessing = 0;
		};
/* End PBXCopyFilesBuildPhase section */

/* Begin PBXFileReference section */
		500C65BE2D3C49CA00FDEF0B /* LessTimer.app */ = {isa = PBXFileReference; explicitFileType = wrapper.application; includeInIndex = 0; path = LessTimer.app; sourceTree = BUILT_PRODUCTS_DIR; };
		500C65CE2D3C49CC00FDEF0B /* LessTimerTests.xctest */ = {isa = PBXFileReference; explicitFileType = wrapper.cfbundle; includeInIndex = 0; path = LessTimerTests.xctest; sourceTree = BUILT_PRODUCTS_DIR; };
		500C65D82D3C49CC00FDEF0B /* LestTimerUITests.xctest */ = {isa = PBXFileReference; explicitFileType = wrapper.cfbundle; includeInIndex = 0; path = LestTimerUITests.xctest; sourceTree = BUILT_PRODUCTS_DIR; };
		50EB41122D48ADFB0053E39A /* Less Timer for Watch.app */ = {isa = PBXFileReference; explicitFileType = wrapper.application; includeInIndex = 0; path = "Less Timer for Watch.app"; sourceTree = BUILT_PRODUCTS_DIR; };
		50EB41212D48ADFD0053E39A /* Less Timer for WatchTests.xctest */ = {isa = PBXFileReference; explicitFileType = wrapper.cfbundle; includeInIndex = 0; path = "Less Timer for WatchTests.xctest"; sourceTree = BUILT_PRODUCTS_DIR; };
		50EB412B2D48ADFD0053E39A /* Less Timer for WatchUITests.xctest */ = {isa = PBXFileReference; explicitFileType = wrapper.cfbundle; includeInIndex = 0; path = "Less Timer for WatchUITests.xctest"; sourceTree = BUILT_PRODUCTS_DIR; };
		50EB41372D48ADFD0053E39A /* Less Timer for Watch Watch App.app */ = {isa = PBXFileReference; explicitFileType = wrapper.application; includeInIndex = 0; path = "Less Timer for Watch Watch App.app"; sourceTree = BUILT_PRODUCTS_DIR; };
		50EB41492D48ADFE0053E39A /* Less Timer for Watch Watch AppTests.xctest */ = {isa = PBXFileReference; explicitFileType = wrapper.cfbundle; includeInIndex = 0; path = "Less Timer for Watch Watch AppTests.xctest"; sourceTree = BUILT_PRODUCTS_DIR; };
		50EB41532D48ADFE0053E39A /* Less Timer for Watch Watch AppUITests.xctest */ = {isa = PBXFileReference; explicitFileType = wrapper.cfbundle; includeInIndex = 0; path = "Less Timer for Watch Watch AppUITests.xctest"; sourceTree = BUILT_PRODUCTS_DIR; };
/* End PBXFileReference section */

/* Begin PBXFileSystemSynchronizedBuildFileExceptionSet section */
		50EB416F2D48AE3B0053E39A /* Exceptions for "Less Timer for Watch Watch App" folder in "Less Timer for Watch Watch App" target */ = {
			isa = PBXFileSystemSynchronizedBuildFileExceptionSet;
			membershipExceptions = (
				Assets.xcassets,
				ContentView.swift,
				Less_Timer_WatchApp.swift,
				"Preview Content/Preview Assets.xcassets",
				TimerDisplay.swift,
				WatchSettingsView.swift,
				WatchTimerView.swift,
			);
			target = 50EB41362D48ADFD0053E39A /* Less Timer for Watch Watch App */;
		};
/* End PBXFileSystemSynchronizedBuildFileExceptionSet section */

/* Begin PBXFileSystemSynchronizedRootGroup section */
		500C65C02D3C49CA00FDEF0B /* Less Timer */ = {
			isa = PBXFileSystemSynchronizedRootGroup;
			path = "Less Timer";
			sourceTree = "<group>";
		};
		500C65D12D3C49CC00FDEF0B /* Less TimerTests */ = {
			isa = PBXFileSystemSynchronizedRootGroup;
			path = "Less TimerTests";
			sourceTree = "<group>";
		};
		500C65DB2D3C49CC00FDEF0B /* Less TimerUITests */ = {
			isa = PBXFileSystemSynchronizedRootGroup;
			path = "Less TimerUITests";
			sourceTree = "<group>";
		};
		50EB41132D48ADFB0053E39A /* Less Timer for Watch */ = {
			isa = PBXFileSystemSynchronizedRootGroup;
			path = "Less Timer for Watch";
			sourceTree = "<group>";
		};
		50EB41242D48ADFD0053E39A /* Less Timer for WatchTests */ = {
			isa = PBXFileSystemSynchronizedRootGroup;
			path = "Less Timer for WatchTests";
			sourceTree = "<group>";
		};
		50EB412E2D48ADFD0053E39A /* Less Timer for WatchUITests */ = {
			isa = PBXFileSystemSynchronizedRootGroup;
			path = "Less Timer for WatchUITests";
			sourceTree = "<group>";
		};
		50EB413B2D48ADFD0053E39A /* Less Timer for Watch Watch App */ = {
			isa = PBXFileSystemSynchronizedRootGroup;
			exceptions = (
				50EB416F2D48AE3B0053E39A /* Exceptions for "Less Timer for Watch Watch App" folder in "Less Timer for Watch Watch App" target */,
			);
			path = "Less Timer for Watch Watch App";
			sourceTree = "<group>";
		};
		50EB414C2D48ADFE0053E39A /* Less Timer for Watch Watch AppTests */ = {
			isa = PBXFileSystemSynchronizedRootGroup;
			path = "Less Timer for Watch Watch AppTests";
			sourceTree = "<group>";
		};
		50EB41562D48ADFE0053E39A /* Less Timer for Watch Watch AppUITests */ = {
			isa = PBXFileSystemSynchronizedRootGroup;
			path = "Less Timer for Watch Watch AppUITests";
			sourceTree = "<group>";
		};
/* End PBXFileSystemSynchronizedRootGroup section */

/* Begin PBXFrameworksBuildPhase section */
		500C65BB2D3C49CA00FDEF0B /* Frameworks */ = {
			isa = PBXFrameworksBuildPhase;
			buildActionMask = 2147483647;
			files = (
			);
			runOnlyForDeploymentPostprocessing = 0;
		};
		500C65CB2D3C49CC00FDEF0B /* Frameworks */ = {
			isa = PBXFrameworksBuildPhase;
			buildActionMask = 2147483647;
			files = (
			);
			runOnlyForDeploymentPostprocessing = 0;
		};
		500C65D52D3C49CC00FDEF0B /* Frameworks */ = {
			isa = PBXFrameworksBuildPhase;
			buildActionMask = 2147483647;
			files = (
			);
			runOnlyForDeploymentPostprocessing = 0;
		};
		50EB410F2D48ADFB0053E39A /* Frameworks */ = {
			isa = PBXFrameworksBuildPhase;
			buildActionMask = 2147483647;
			files = (
			);
			runOnlyForDeploymentPostprocessing = 0;
		};
		50EB411E2D48ADFD0053E39A /* Frameworks */ = {
			isa = PBXFrameworksBuildPhase;
			buildActionMask = 2147483647;
			files = (
			);
			runOnlyForDeploymentPostprocessing = 0;
		};
		50EB41282D48ADFD0053E39A /* Frameworks */ = {
			isa = PBXFrameworksBuildPhase;
			buildActionMask = 2147483647;
			files = (
			);
			runOnlyForDeploymentPostprocessing = 0;
		};
		50EB41342D48ADFD0053E39A /* Frameworks */ = {
			isa = PBXFrameworksBuildPhase;
			buildActionMask = 2147483647;
			files = (
			);
			runOnlyForDeploymentPostprocessing = 0;
		};
		50EB41462D48ADFE0053E39A /* Frameworks */ = {
			isa = PBXFrameworksBuildPhase;
			buildActionMask = 2147483647;
			files = (
			);
			runOnlyForDeploymentPostprocessing = 0;
		};
		50EB41502D48ADFE0053E39A /* Frameworks */ = {
			isa = PBXFrameworksBuildPhase;
			buildActionMask = 2147483647;
			files = (
			);
			runOnlyForDeploymentPostprocessing = 0;
		};
/* End PBXFrameworksBuildPhase section */

/* Begin PBXGroup section */
		500C65B52D3C49CA00FDEF0B = {
			isa = PBXGroup;
			children = (
				500C65C02D3C49CA00FDEF0B /* Less Timer */,
				500C65D12D3C49CC00FDEF0B /* Less TimerTests */,
				500C65DB2D3C49CC00FDEF0B /* Less TimerUITests */,
				50EB41132D48ADFB0053E39A /* Less Timer for Watch */,
				50EB41242D48ADFD0053E39A /* Less Timer for WatchTests */,
				50EB412E2D48ADFD0053E39A /* Less Timer for WatchUITests */,
				50EB413B2D48ADFD0053E39A /* Less Timer for Watch Watch App */,
				50EB414C2D48ADFE0053E39A /* Less Timer for Watch Watch AppTests */,
				50EB41562D48ADFE0053E39A /* Less Timer for Watch Watch AppUITests */,
				50EB40702D48A1FE0053E39A /* Frameworks */,
				500C65BF2D3C49CA00FDEF0B /* Products */,
			);
			sourceTree = "<group>";
		};
		500C65BF2D3C49CA00FDEF0B /* Products */ = {
			isa = PBXGroup;
			children = (
				500C65BE2D3C49CA00FDEF0B /* LessTimer.app */,
				500C65CE2D3C49CC00FDEF0B /* LessTimerTests.xctest */,
				500C65D82D3C49CC00FDEF0B /* LestTimerUITests.xctest */,
				50EB41122D48ADFB0053E39A /* Less Timer for Watch.app */,
				50EB41212D48ADFD0053E39A /* Less Timer for WatchTests.xctest */,
				50EB412B2D48ADFD0053E39A /* Less Timer for WatchUITests.xctest */,
				50EB41372D48ADFD0053E39A /* Less Timer for Watch Watch App.app */,
				50EB41492D48ADFE0053E39A /* Less Timer for Watch Watch AppTests.xctest */,
				50EB41532D48ADFE0053E39A /* Less Timer for Watch Watch AppUITests.xctest */,
			);
			name = Products;
			sourceTree = "<group>";
		};
		50EB40702D48A1FE0053E39A /* Frameworks */ = {
			isa = PBXGroup;
			children = (
			);
			name = Frameworks;
			sourceTree = "<group>";
		};
/* End PBXGroup section */

/* Begin PBXNativeTarget section */
		500C65BD2D3C49CA00FDEF0B /* LessTimer */ = {
			isa = PBXNativeTarget;
			buildConfigurationList = 500C65E22D3C49CC00FDEF0B /* Build configuration list for PBXNativeTarget "LessTimer" */;
			buildPhases = (
				500C65BA2D3C49CA00FDEF0B /* Sources */,
				500C65BB2D3C49CA00FDEF0B /* Frameworks */,
				500C65BC2D3C49CA00FDEF0B /* Resources */,
			);
			buildRules = (
			);
			dependencies = (
			);
			fileSystemSynchronizedGroups = (
				500C65C02D3C49CA00FDEF0B /* Less Timer */,
			);
			name = LessTimer;
			packageProductDependencies = (
			);
			productName = "Nothing Timer";
			productReference = 500C65BE2D3C49CA00FDEF0B /* LessTimer.app */;
			productType = "com.apple.product-type.application";
		};
		500C65CD2D3C49CC00FDEF0B /* LessTimerTests */ = {
			isa = PBXNativeTarget;
			buildConfigurationList = 500C65E52D3C49CC00FDEF0B /* Build configuration list for PBXNativeTarget "LessTimerTests" */;
			buildPhases = (
				500C65CA2D3C49CC00FDEF0B /* Sources */,
				500C65CB2D3C49CC00FDEF0B /* Frameworks */,
				500C65CC2D3C49CC00FDEF0B /* Resources */,
			);
			buildRules = (
			);
			dependencies = (
				500C65D02D3C49CC00FDEF0B /* PBXTargetDependency */,
			);
			fileSystemSynchronizedGroups = (
				500C65D12D3C49CC00FDEF0B /* Less TimerTests */,
			);
			name = LessTimerTests;
			packageProductDependencies = (
			);
			productName = "Nothing TimerTests";
			productReference = 500C65CE2D3C49CC00FDEF0B /* LessTimerTests.xctest */;
			productType = "com.apple.product-type.bundle.unit-test";
		};
		500C65D72D3C49CC00FDEF0B /* LestTimerUITests */ = {
			isa = PBXNativeTarget;
			buildConfigurationList = 500C65E82D3C49CC00FDEF0B /* Build configuration list for PBXNativeTarget "LestTimerUITests" */;
			buildPhases = (
				500C65D42D3C49CC00FDEF0B /* Sources */,
				500C65D52D3C49CC00FDEF0B /* Frameworks */,
				500C65D62D3C49CC00FDEF0B /* Resources */,
			);
			buildRules = (
			);
			dependencies = (
				500C65DA2D3C49CC00FDEF0B /* PBXTargetDependency */,
			);
			fileSystemSynchronizedGroups = (
				500C65DB2D3C49CC00FDEF0B /* Less TimerUITests */,
			);
			name = LestTimerUITests;
			packageProductDependencies = (
			);
			productName = "Nothing TimerUITests";
			productReference = 500C65D82D3C49CC00FDEF0B /* LestTimerUITests.xctest */;
			productType = "com.apple.product-type.bundle.ui-testing";
		};
		50EB41112D48ADFB0053E39A /* Less Timer for Watch */ = {
			isa = PBXNativeTarget;
			buildConfigurationList = 50EB415F2D48ADFE0053E39A /* Build configuration list for PBXNativeTarget "Less Timer for Watch" */;
			buildPhases = (
				50EB410E2D48ADFB0053E39A /* Sources */,
				50EB410F2D48ADFB0053E39A /* Frameworks */,
				50EB41102D48ADFB0053E39A /* Resources */,
				50EB415E2D48ADFE0053E39A /* Embed Watch Content */,
			);
			buildRules = (
			);
			dependencies = (
				50EB413A2D48ADFD0053E39A /* PBXTargetDependency */,
			);
			fileSystemSynchronizedGroups = (
				50EB41132D48ADFB0053E39A /* Less Timer for Watch */,
			);
			name = "Less Timer for Watch";
			packageProductDependencies = (
			);
			productName = "Less Timer for Watch";
			productReference = 50EB41122D48ADFB0053E39A /* Less Timer for Watch.app */;
			productType = "com.apple.product-type.application";
		};
		50EB41202D48ADFD0053E39A /* Less Timer for WatchTests */ = {
			isa = PBXNativeTarget;
			buildConfigurationList = 50EB41622D48ADFE0053E39A /* Build configuration list for PBXNativeTarget "Less Timer for WatchTests" */;
			buildPhases = (
				50EB411D2D48ADFD0053E39A /* Sources */,
				50EB411E2D48ADFD0053E39A /* Frameworks */,
				50EB411F2D48ADFD0053E39A /* Resources */,
			);
			buildRules = (
			);
			dependencies = (
				50EB41232D48ADFD0053E39A /* PBXTargetDependency */,
			);
			fileSystemSynchronizedGroups = (
				50EB41242D48ADFD0053E39A /* Less Timer for WatchTests */,
			);
			name = "Less Timer for WatchTests";
			packageProductDependencies = (
			);
			productName = "Less Timer for WatchTests";
			productReference = 50EB41212D48ADFD0053E39A /* Less Timer for WatchTests.xctest */;
			productType = "com.apple.product-type.bundle.unit-test";
		};
		50EB412A2D48ADFD0053E39A /* Less Timer for WatchUITests */ = {
			isa = PBXNativeTarget;
			buildConfigurationList = 50EB41652D48ADFE0053E39A /* Build configuration list for PBXNativeTarget "Less Timer for WatchUITests" */;
			buildPhases = (
				50EB41272D48ADFD0053E39A /* Sources */,
				50EB41282D48ADFD0053E39A /* Frameworks */,
				50EB41292D48ADFD0053E39A /* Resources */,
			);
			buildRules = (
			);
			dependencies = (
				50EB412D2D48ADFD0053E39A /* PBXTargetDependency */,
			);
			fileSystemSynchronizedGroups = (
				50EB412E2D48ADFD0053E39A /* Less Timer for WatchUITests */,
			);
			name = "Less Timer for WatchUITests";
			packageProductDependencies = (
			);
			productName = "Less Timer for WatchUITests";
			productReference = 50EB412B2D48ADFD0053E39A /* Less Timer for WatchUITests.xctest */;
			productType = "com.apple.product-type.bundle.ui-testing";
		};
		50EB41362D48ADFD0053E39A /* Less Timer for Watch Watch App */ = {
			isa = PBXNativeTarget;
			buildConfigurationList = 50EB415B2D48ADFE0053E39A /* Build configuration list for PBXNativeTarget "Less Timer for Watch Watch App" */;
			buildPhases = (
				50EB41332D48ADFD0053E39A /* Sources */,
				50EB41342D48ADFD0053E39A /* Frameworks */,
				50EB41352D48ADFD0053E39A /* Resources */,
			);
			buildRules = (
			);
			dependencies = (
			);
			fileSystemSynchronizedGroups = (
				50EB413B2D48ADFD0053E39A /* Less Timer for Watch Watch App */,
			);
			name = "Less Timer for Watch Watch App";
			packageProductDependencies = (
			);
			productName = "Less Timer for Watch Watch App";
			productReference = 50EB41372D48ADFD0053E39A /* Less Timer for Watch Watch App.app */;
			productType = "com.apple.product-type.application";
		};
		50EB41482D48ADFE0053E39A /* Less Timer for Watch Watch AppTests */ = {
			isa = PBXNativeTarget;
			buildConfigurationList = 50EB41682D48ADFE0053E39A /* Build configuration list for PBXNativeTarget "Less Timer for Watch Watch AppTests" */;
			buildPhases = (
				50EB41452D48ADFE0053E39A /* Sources */,
				50EB41462D48ADFE0053E39A /* Frameworks */,
				50EB41472D48ADFE0053E39A /* Resources */,
			);
			buildRules = (
			);
			dependencies = (
				50EB414B2D48ADFE0053E39A /* PBXTargetDependency */,
			);
			fileSystemSynchronizedGroups = (
				50EB414C2D48ADFE0053E39A /* Less Timer for Watch Watch AppTests */,
			);
			name = "Less Timer for Watch Watch AppTests";
			packageProductDependencies = (
			);
			productName = "Less Timer for Watch Watch AppTests";
			productReference = 50EB41492D48ADFE0053E39A /* Less Timer for Watch Watch AppTests.xctest */;
			productType = "com.apple.product-type.bundle.unit-test";
		};
		50EB41522D48ADFE0053E39A /* Less Timer for Watch Watch AppUITests */ = {
			isa = PBXNativeTarget;
			buildConfigurationList = 50EB416B2D48ADFE0053E39A /* Build configuration list for PBXNativeTarget "Less Timer for Watch Watch AppUITests" */;
			buildPhases = (
				50EB414F2D48ADFE0053E39A /* Sources */,
				50EB41502D48ADFE0053E39A /* Frameworks */,
				50EB41512D48ADFE0053E39A /* Resources */,
			);
			buildRules = (
			);
			dependencies = (
				50EB41552D48ADFE0053E39A /* PBXTargetDependency */,
			);
			fileSystemSynchronizedGroups = (
				50EB41562D48ADFE0053E39A /* Less Timer for Watch Watch AppUITests */,
			);
			name = "Less Timer for Watch Watch AppUITests";
			packageProductDependencies = (
			);
			productName = "Less Timer for Watch Watch AppUITests";
			productReference = 50EB41532D48ADFE0053E39A /* Less Timer for Watch Watch AppUITests.xctest */;
			productType = "com.apple.product-type.bundle.ui-testing";
		};
/* End PBXNativeTarget section */

/* Begin PBXProject section */
		500C65B62D3C49CA00FDEF0B /* Project object */ = {
			isa = PBXProject;
			attributes = {
				BuildIndependentTargetsInParallel = 1;
				LastSwiftUpdateCheck = 1620;
				LastUpgradeCheck = 1620;
				TargetAttributes = {
					500C65BD2D3C49CA00FDEF0B = {
						CreatedOnToolsVersion = 16.2;
					};
					500C65CD2D3C49CC00FDEF0B = {
						CreatedOnToolsVersion = 16.2;
						TestTargetID = 500C65BD2D3C49CA00FDEF0B;
					};
					500C65D72D3C49CC00FDEF0B = {
						CreatedOnToolsVersion = 16.2;
						TestTargetID = 500C65BD2D3C49CA00FDEF0B;
					};
					50EB41112D48ADFB0053E39A = {
						CreatedOnToolsVersion = 16.2;
					};
					50EB41202D48ADFD0053E39A = {
						CreatedOnToolsVersion = 16.2;
						TestTargetID = 50EB41112D48ADFB0053E39A;
					};
					50EB412A2D48ADFD0053E39A = {
						CreatedOnToolsVersion = 16.2;
						TestTargetID = 50EB41112D48ADFB0053E39A;
					};
					50EB41362D48ADFD0053E39A = {
						CreatedOnToolsVersion = 16.2;
					};
					50EB41482D48ADFE0053E39A = {
						CreatedOnToolsVersion = 16.2;
						TestTargetID = 50EB41362D48ADFD0053E39A;
					};
					50EB41522D48ADFE0053E39A = {
						CreatedOnToolsVersion = 16.2;
						TestTargetID = 50EB41362D48ADFD0053E39A;
					};
				};
			};
			buildConfigurationList = 500C65B92D3C49CA00FDEF0B /* Build configuration list for PBXProject "LessTimer" */;
			developmentRegion = en;
			hasScannedForEncodings = 0;
			knownRegions = (
				en,
				Base,
			);
			mainGroup = 500C65B52D3C49CA00FDEF0B;
			minimizedProjectReferenceProxies = 1;
			preferredProjectObjectVersion = 77;
			productRefGroup = 500C65BF2D3C49CA00FDEF0B /* Products */;
			projectDirPath = "";
			projectRoot = "";
			targets = (
				500C65BD2D3C49CA00FDEF0B /* LessTimer */,
				500C65CD2D3C49CC00FDEF0B /* LessTimerTests */,
				500C65D72D3C49CC00FDEF0B /* LestTimerUITests */,
				50EB41112D48ADFB0053E39A /* Less Timer for Watch */,
				50EB41202D48ADFD0053E39A /* Less Timer for WatchTests */,
				50EB412A2D48ADFD0053E39A /* Less Timer for WatchUITests */,
				50EB41362D48ADFD0053E39A /* Less Timer for Watch Watch App */,
				50EB41482D48ADFE0053E39A /* Less Timer for Watch Watch AppTests */,
				50EB41522D48ADFE0053E39A /* Less Timer for Watch Watch AppUITests */,
			);
		};
/* End PBXProject section */

/* Begin PBXResourcesBuildPhase section */
		500C65BC2D3C49CA00FDEF0B /* Resources */ = {
			isa = PBXResourcesBuildPhase;
			buildActionMask = 2147483647;
			files = (
			);
			runOnlyForDeploymentPostprocessing = 0;
		};
		500C65CC2D3C49CC00FDEF0B /* Resources */ = {
			isa = PBXResourcesBuildPhase;
			buildActionMask = 2147483647;
			files = (
			);
			runOnlyForDeploymentPostprocessing = 0;
		};
		500C65D62D3C49CC00FDEF0B /* Resources */ = {
			isa = PBXResourcesBuildPhase;
			buildActionMask = 2147483647;
			files = (
			);
			runOnlyForDeploymentPostprocessing = 0;
		};
		50EB41102D48ADFB0053E39A /* Resources */ = {
			isa = PBXResourcesBuildPhase;
			buildActionMask = 2147483647;
			files = (
			);
			runOnlyForDeploymentPostprocessing = 0;
		};
		50EB411F2D48ADFD0053E39A /* Resources */ = {
			isa = PBXResourcesBuildPhase;
			buildActionMask = 2147483647;
			files = (
			);
			runOnlyForDeploymentPostprocessing = 0;
		};
		50EB41292D48ADFD0053E39A /* Resources */ = {
			isa = PBXResourcesBuildPhase;
			buildActionMask = 2147483647;
			files = (
			);
			runOnlyForDeploymentPostprocessing = 0;
		};
		50EB41352D48ADFD0053E39A /* Resources */ = {
			isa = PBXResourcesBuildPhase;
			buildActionMask = 2147483647;
			files = (
			);
			runOnlyForDeploymentPostprocessing = 0;
		};
		50EB41472D48ADFE0053E39A /* Resources */ = {
			isa = PBXResourcesBuildPhase;
			buildActionMask = 2147483647;
			files = (
			);
			runOnlyForDeploymentPostprocessing = 0;
		};
		50EB41512D48ADFE0053E39A /* Resources */ = {
			isa = PBXResourcesBuildPhase;
			buildActionMask = 2147483647;
			files = (
			);
			runOnlyForDeploymentPostprocessing = 0;
		};
/* End PBXResourcesBuildPhase section */

/* Begin PBXSourcesBuildPhase section */
		500C65BA2D3C49CA00FDEF0B /* Sources */ = {
			isa = PBXSourcesBuildPhase;
			buildActionMask = 2147483647;
			files = (
			);
			runOnlyForDeploymentPostprocessing = 0;
		};
		500C65CA2D3C49CC00FDEF0B /* Sources */ = {
			isa = PBXSourcesBuildPhase;
			buildActionMask = 2147483647;
			files = (
			);
			runOnlyForDeploymentPostprocessing = 0;
		};
		500C65D42D3C49CC00FDEF0B /* Sources */ = {
			isa = PBXSourcesBuildPhase;
			buildActionMask = 2147483647;
			files = (
			);
			runOnlyForDeploymentPostprocessing = 0;
		};
		50EB410E2D48ADFB0053E39A /* Sources */ = {
			isa = PBXSourcesBuildPhase;
			buildActionMask = 2147483647;
			files = (
			);
			runOnlyForDeploymentPostprocessing = 0;
		};
		50EB411D2D48ADFD0053E39A /* Sources */ = {
			isa = PBXSourcesBuildPhase;
			buildActionMask = 2147483647;
			files = (
			);
			runOnlyForDeploymentPostprocessing = 0;
		};
		50EB41272D48ADFD0053E39A /* Sources */ = {
			isa = PBXSourcesBuildPhase;
			buildActionMask = 2147483647;
			files = (
			);
			runOnlyForDeploymentPostprocessing = 0;
		};
		50EB41332D48ADFD0053E39A /* Sources */ = {
			isa = PBXSourcesBuildPhase;
			buildActionMask = 2147483647;
			files = (
			);
			runOnlyForDeploymentPostprocessing = 0;
		};
		50EB41452D48ADFE0053E39A /* Sources */ = {
			isa = PBXSourcesBuildPhase;
			buildActionMask = 2147483647;
			files = (
			);
			runOnlyForDeploymentPostprocessing = 0;
		};
		50EB414F2D48ADFE0053E39A /* Sources */ = {
			isa = PBXSourcesBuildPhase;
			buildActionMask = 2147483647;
			files = (
			);
			runOnlyForDeploymentPostprocessing = 0;
		};
/* End PBXSourcesBuildPhase section */

/* Begin PBXTargetDependency section */
		500C65D02D3C49CC00FDEF0B /* PBXTargetDependency */ = {
			isa = PBXTargetDependency;
			target = 500C65BD2D3C49CA00FDEF0B /* LessTimer */;
			targetProxy = 500C65CF2D3C49CC00FDEF0B /* PBXContainerItemProxy */;
		};
		500C65DA2D3C49CC00FDEF0B /* PBXTargetDependency */ = {
			isa = PBXTargetDependency;
			target = 500C65BD2D3C49CA00FDEF0B /* LessTimer */;
			targetProxy = 500C65D92D3C49CC00FDEF0B /* PBXContainerItemProxy */;
		};
		50EB41232D48ADFD0053E39A /* PBXTargetDependency */ = {
			isa = PBXTargetDependency;
			target = 50EB41112D48ADFB0053E39A /* Less Timer for Watch */;
			targetProxy = 50EB41222D48ADFD0053E39A /* PBXContainerItemProxy */;
		};
		50EB412D2D48ADFD0053E39A /* PBXTargetDependency */ = {
			isa = PBXTargetDependency;
			target = 50EB41112D48ADFB0053E39A /* Less Timer for Watch */;
			targetProxy = 50EB412C2D48ADFD0053E39A /* PBXContainerItemProxy */;
		};
		50EB413A2D48ADFD0053E39A /* PBXTargetDependency */ = {
			isa = PBXTargetDependency;
			target = 50EB41362D48ADFD0053E39A /* Less Timer for Watch Watch App */;
			targetProxy = 50EB41392D48ADFD0053E39A /* PBXContainerItemProxy */;
		};
		50EB414B2D48ADFE0053E39A /* PBXTargetDependency */ = {
			isa = PBXTargetDependency;
			target = 50EB41362D48ADFD0053E39A /* Less Timer for Watch Watch App */;
			targetProxy = 50EB414A2D48ADFE0053E39A /* PBXContainerItemProxy */;
		};
		50EB41552D48ADFE0053E39A /* PBXTargetDependency */ = {
			isa = PBXTargetDependency;
			target = 50EB41362D48ADFD0053E39A /* Less Timer for Watch Watch App */;
			targetProxy = 50EB41542D48ADFE0053E39A /* PBXContainerItemProxy */;
		};
/* End PBXTargetDependency section */

/* Begin XCBuildConfiguration section */
		500C65E02D3C49CC00FDEF0B /* Debug */ = {
			isa = XCBuildConfiguration;
			buildSettings = {
				ALWAYS_SEARCH_USER_PATHS = NO;
				ASSETCATALOG_COMPILER_GENERATE_SWIFT_ASSET_SYMBOL_EXTENSIONS = YES;
				CLANG_ANALYZER_NONNULL = YES;
				CLANG_ANALYZER_NUMBER_OBJECT_CONVERSION = YES_AGGRESSIVE;
				CLANG_CXX_LANGUAGE_STANDARD = "gnu++20";
				CLANG_ENABLE_MODULES = YES;
				CLANG_ENABLE_OBJC_ARC = YES;
				CLANG_ENABLE_OBJC_WEAK = YES;
				CLANG_WARN_BLOCK_CAPTURE_AUTORELEASING = YES;
				CLANG_WARN_BOOL_CONVERSION = YES;
				CLANG_WARN_COMMA = YES;
				CLANG_WARN_CONSTANT_CONVERSION = YES;
				CLANG_WARN_DEPRECATED_OBJC_IMPLEMENTATIONS = YES;
				CLANG_WARN_DIRECT_OBJC_ISA_USAGE = YES_ERROR;
				CLANG_WARN_DOCUMENTATION_COMMENTS = YES;
				CLANG_WARN_EMPTY_BODY = YES;
				CLANG_WARN_ENUM_CONVERSION = YES;
				CLANG_WARN_INFINITE_RECURSION = YES;
				CLANG_WARN_INT_CONVERSION = YES;
				CLANG_WARN_NON_LITERAL_NULL_CONVERSION = YES;
				CLANG_WARN_OBJC_IMPLICIT_RETAIN_SELF = YES;
				CLANG_WARN_OBJC_LITERAL_CONVERSION = YES;
				CLANG_WARN_OBJC_ROOT_CLASS = YES_ERROR;
				CLANG_WARN_QUOTED_INCLUDE_IN_FRAMEWORK_HEADER = YES;
				CLANG_WARN_RANGE_LOOP_ANALYSIS = YES;
				CLANG_WARN_STRICT_PROTOTYPES = YES;
				CLANG_WARN_SUSPICIOUS_MOVE = YES;
				CLANG_WARN_UNGUARDED_AVAILABILITY = YES_AGGRESSIVE;
				CLANG_WARN_UNREACHABLE_CODE = YES;
				CLANG_WARN__DUPLICATE_METHOD_MATCH = YES;
				COPY_PHASE_STRIP = NO;
				DEBUG_INFORMATION_FORMAT = dwarf;
				ENABLE_STRICT_OBJC_MSGSEND = YES;
				ENABLE_TESTABILITY = YES;
				ENABLE_USER_SCRIPT_SANDBOXING = YES;
				GCC_C_LANGUAGE_STANDARD = gnu17;
				GCC_DYNAMIC_NO_PIC = NO;
				GCC_NO_COMMON_BLOCKS = YES;
				GCC_OPTIMIZATION_LEVEL = 0;
				GCC_PREPROCESSOR_DEFINITIONS = (
					"DEBUG=1",
					"$(inherited)",
				);
				GCC_WARN_64_TO_32_BIT_CONVERSION = YES;
				GCC_WARN_ABOUT_RETURN_TYPE = YES_ERROR;
				GCC_WARN_UNDECLARED_SELECTOR = YES;
				GCC_WARN_UNINITIALIZED_AUTOS = YES_AGGRESSIVE;
				GCC_WARN_UNUSED_FUNCTION = YES;
				GCC_WARN_UNUSED_VARIABLE = YES;
				IPHONEOS_DEPLOYMENT_TARGET = 18.2;
				LOCALIZATION_PREFERS_STRING_CATALOGS = YES;
				MTL_ENABLE_DEBUG_INFO = INCLUDE_SOURCE;
				MTL_FAST_MATH = YES;
				ONLY_ACTIVE_ARCH = YES;
				SDKROOT = iphoneos;
				SWIFT_ACTIVE_COMPILATION_CONDITIONS = "DEBUG $(inherited)";
				SWIFT_OPTIMIZATION_LEVEL = "-Onone";
			};
			name = Debug;
		};
		500C65E12D3C49CC00FDEF0B /* Release */ = {
			isa = XCBuildConfiguration;
			buildSettings = {
				ALWAYS_SEARCH_USER_PATHS = NO;
				ASSETCATALOG_COMPILER_GENERATE_SWIFT_ASSET_SYMBOL_EXTENSIONS = YES;
				CLANG_ANALYZER_NONNULL = YES;
				CLANG_ANALYZER_NUMBER_OBJECT_CONVERSION = YES_AGGRESSIVE;
				CLANG_CXX_LANGUAGE_STANDARD = "gnu++20";
				CLANG_ENABLE_MODULES = YES;
				CLANG_ENABLE_OBJC_ARC = YES;
				CLANG_ENABLE_OBJC_WEAK = YES;
				CLANG_WARN_BLOCK_CAPTURE_AUTORELEASING = YES;
				CLANG_WARN_BOOL_CONVERSION = YES;
				CLANG_WARN_COMMA = YES;
				CLANG_WARN_CONSTANT_CONVERSION = YES;
				CLANG_WARN_DEPRECATED_OBJC_IMPLEMENTATIONS = YES;
				CLANG_WARN_DIRECT_OBJC_ISA_USAGE = YES_ERROR;
				CLANG_WARN_DOCUMENTATION_COMMENTS = YES;
				CLANG_WARN_EMPTY_BODY = YES;
				CLANG_WARN_ENUM_CONVERSION = YES;
				CLANG_WARN_INFINITE_RECURSION = YES;
				CLANG_WARN_INT_CONVERSION = YES;
				CLANG_WARN_NON_LITERAL_NULL_CONVERSION = YES;
				CLANG_WARN_OBJC_IMPLICIT_RETAIN_SELF = YES;
				CLANG_WARN_OBJC_LITERAL_CONVERSION = YES;
				CLANG_WARN_OBJC_ROOT_CLASS = YES_ERROR;
				CLANG_WARN_QUOTED_INCLUDE_IN_FRAMEWORK_HEADER = YES;
				CLANG_WARN_RANGE_LOOP_ANALYSIS = YES;
				CLANG_WARN_STRICT_PROTOTYPES = YES;
				CLANG_WARN_SUSPICIOUS_MOVE = YES;
				CLANG_WARN_UNGUARDED_AVAILABILITY = YES_AGGRESSIVE;
				CLANG_WARN_UNREACHABLE_CODE = YES;
				CLANG_WARN__DUPLICATE_METHOD_MATCH = YES;
				COPY_PHASE_STRIP = NO;
				DEBUG_INFORMATION_FORMAT = "dwarf-with-dsym";
				ENABLE_NS_ASSERTIONS = NO;
				ENABLE_STRICT_OBJC_MSGSEND = YES;
				ENABLE_USER_SCRIPT_SANDBOXING = YES;
				GCC_C_LANGUAGE_STANDARD = gnu17;
				GCC_NO_COMMON_BLOCKS = YES;
				GCC_WARN_64_TO_32_BIT_CONVERSION = YES;
				GCC_WARN_ABOUT_RETURN_TYPE = YES_ERROR;
				GCC_WARN_UNDECLARED_SELECTOR = YES;
				GCC_WARN_UNINITIALIZED_AUTOS = YES_AGGRESSIVE;
				GCC_WARN_UNUSED_FUNCTION = YES;
				GCC_WARN_UNUSED_VARIABLE = YES;
				IPHONEOS_DEPLOYMENT_TARGET = 18.2;
				LOCALIZATION_PREFERS_STRING_CATALOGS = YES;
				MTL_ENABLE_DEBUG_INFO = NO;
				MTL_FAST_MATH = YES;
				SDKROOT = iphoneos;
				SWIFT_COMPILATION_MODE = wholemodule;
				VALIDATE_PRODUCT = YES;
			};
			name = Release;
		};
		500C65E32D3C49CC00FDEF0B /* Debug */ = {
			isa = XCBuildConfiguration;
			buildSettings = {
				ASSETCATALOG_COMPILER_APPICON_NAME = AppIcon;
				ASSETCATALOG_COMPILER_GLOBAL_ACCENT_COLOR_NAME = AccentColor;
				CODE_SIGN_ENTITLEMENTS = LessTimer.entitlements;
				CODE_SIGN_STYLE = Automatic;
				CURRENT_PROJECT_VERSION = 1;
				DEVELOPMENT_ASSET_PATHS = "\"Less Timer/Preview Content\"";
				DEVELOPMENT_TEAM = 8AMJTDV2FM;
				ENABLE_PREVIEWS = YES;
				GENERATE_INFOPLIST_FILE = YES;
				INFOPLIST_FILE = "Less-Timer-Info.plist";
				INFOPLIST_KEY_CFBundleDisplayName = "Less Timer";
				INFOPLIST_KEY_LSApplicationCategoryType = "public.app-category.healthcare-fitness";
				INFOPLIST_KEY_UIApplicationSceneManifest_Generation = YES;
				INFOPLIST_KEY_UIApplicationSupportsIndirectInputEvents = YES;
				INFOPLIST_KEY_UILaunchScreen_Generation = YES;
				INFOPLIST_KEY_UISupportedInterfaceOrientations = "UIInterfaceOrientationLandscapeLeft UIInterfaceOrientationLandscapeRight UIInterfaceOrientationPortrait UIInterfaceOrientationPortraitUpsideDown";
				LD_RUNPATH_SEARCH_PATHS = (
					"$(inherited)",
					"@executable_path/Frameworks",
				);
				MARKETING_VERSION = 1.0;
				PRODUCT_BUNDLE_IDENTIFIER = "Breault.Less-Timer";
				PRODUCT_NAME = "$(TARGET_NAME)";
				SWIFT_EMIT_LOC_STRINGS = YES;
				SWIFT_VERSION = 5.0;
				TARGETED_DEVICE_FAMILY = "1,2";
			};
			name = Debug;
		};
		500C65E42D3C49CC00FDEF0B /* Release */ = {
			isa = XCBuildConfiguration;
			buildSettings = {
				ASSETCATALOG_COMPILER_APPICON_NAME = AppIcon;
				ASSETCATALOG_COMPILER_GLOBAL_ACCENT_COLOR_NAME = AccentColor;
				CODE_SIGN_ENTITLEMENTS = LessTimer.entitlements;
				CODE_SIGN_STYLE = Automatic;
				CURRENT_PROJECT_VERSION = 1;
				DEVELOPMENT_ASSET_PATHS = "\"Less Timer/Preview Content\"";
				DEVELOPMENT_TEAM = 8AMJTDV2FM;
				ENABLE_PREVIEWS = YES;
				GENERATE_INFOPLIST_FILE = YES;
				INFOPLIST_FILE = "Less-Timer-Info.plist";
				INFOPLIST_KEY_CFBundleDisplayName = "Less Timer";
				INFOPLIST_KEY_LSApplicationCategoryType = "public.app-category.healthcare-fitness";
				INFOPLIST_KEY_UIApplicationSceneManifest_Generation = YES;
				INFOPLIST_KEY_UIApplicationSupportsIndirectInputEvents = YES;
				INFOPLIST_KEY_UILaunchScreen_Generation = YES;
				INFOPLIST_KEY_UISupportedInterfaceOrientations = "UIInterfaceOrientationLandscapeLeft UIInterfaceOrientationLandscapeRight UIInterfaceOrientationPortrait UIInterfaceOrientationPortraitUpsideDown";
				LD_RUNPATH_SEARCH_PATHS = (
					"$(inherited)",
					"@executable_path/Frameworks",
				);
				MARKETING_VERSION = 1.0;
				PRODUCT_BUNDLE_IDENTIFIER = "Breault.Less-Timer";
				PRODUCT_NAME = "$(TARGET_NAME)";
				SWIFT_EMIT_LOC_STRINGS = YES;
				SWIFT_VERSION = 5.0;
				TARGETED_DEVICE_FAMILY = "1,2";
			};
			name = Release;
		};
		500C65E62D3C49CC00FDEF0B /* Debug */ = {
			isa = XCBuildConfiguration;
			buildSettings = {
				BUNDLE_LOADER = "$(TEST_HOST)";
				CODE_SIGN_STYLE = Automatic;
				CURRENT_PROJECT_VERSION = 1;
				DEVELOPMENT_TEAM = 8AMJTDV2FM;
				GENERATE_INFOPLIST_FILE = YES;
				IPHONEOS_DEPLOYMENT_TARGET = 18.2;
				MARKETING_VERSION = 1.0;
				PRODUCT_BUNDLE_IDENTIFIER = "Breault.Nothing-TimerTests";
				PRODUCT_NAME = "$(TARGET_NAME)";
				SWIFT_EMIT_LOC_STRINGS = NO;
				SWIFT_VERSION = 5.0;
				TARGETED_DEVICE_FAMILY = "1,2";
				TEST_HOST = "$(BUILT_PRODUCTS_DIR)/Less Timer.app/$(BUNDLE_EXECUTABLE_FOLDER_PATH)/Less Timer";
			};
			name = Debug;
		};
		500C65E72D3C49CC00FDEF0B /* Release */ = {
			isa = XCBuildConfiguration;
			buildSettings = {
				BUNDLE_LOADER = "$(TEST_HOST)";
				CODE_SIGN_STYLE = Automatic;
				CURRENT_PROJECT_VERSION = 1;
				DEVELOPMENT_TEAM = 8AMJTDV2FM;
				GENERATE_INFOPLIST_FILE = YES;
				IPHONEOS_DEPLOYMENT_TARGET = 18.2;
				MARKETING_VERSION = 1.0;
				PRODUCT_BUNDLE_IDENTIFIER = "Breault.Nothing-TimerTests";
				PRODUCT_NAME = "$(TARGET_NAME)";
				SWIFT_EMIT_LOC_STRINGS = NO;
				SWIFT_VERSION = 5.0;
				TARGETED_DEVICE_FAMILY = "1,2";
				TEST_HOST = "$(BUILT_PRODUCTS_DIR)/Less Timer.app/$(BUNDLE_EXECUTABLE_FOLDER_PATH)/Less Timer";
			};
			name = Release;
		};
		500C65E92D3C49CC00FDEF0B /* Debug */ = {
			isa = XCBuildConfiguration;
			buildSettings = {
				CODE_SIGN_STYLE = Automatic;
				CURRENT_PROJECT_VERSION = 1;
				DEVELOPMENT_TEAM = 8AMJTDV2FM;
				GENERATE_INFOPLIST_FILE = YES;
				MARKETING_VERSION = 1.0;
				PRODUCT_BUNDLE_IDENTIFIER = "Breault.Nothing-TimerUITests";
				PRODUCT_NAME = "$(TARGET_NAME)";
				SWIFT_EMIT_LOC_STRINGS = NO;
				SWIFT_VERSION = 5.0;
				TARGETED_DEVICE_FAMILY = "1,2";
				TEST_TARGET_NAME = "Nothing Timer";
			};
			name = Debug;
		};
		500C65EA2D3C49CC00FDEF0B /* Release */ = {
			isa = XCBuildConfiguration;
			buildSettings = {
				CODE_SIGN_STYLE = Automatic;
				CURRENT_PROJECT_VERSION = 1;
				DEVELOPMENT_TEAM = 8AMJTDV2FM;
				GENERATE_INFOPLIST_FILE = YES;
				MARKETING_VERSION = 1.0;
				PRODUCT_BUNDLE_IDENTIFIER = "Breault.Nothing-TimerUITests";
				PRODUCT_NAME = "$(TARGET_NAME)";
				SWIFT_EMIT_LOC_STRINGS = NO;
				SWIFT_VERSION = 5.0;
				TARGETED_DEVICE_FAMILY = "1,2";
				TEST_TARGET_NAME = "Nothing Timer";
			};
			name = Release;
		};
		50EB415C2D48ADFE0053E39A /* Debug */ = {
			isa = XCBuildConfiguration;
			buildSettings = {
				ASSETCATALOG_COMPILER_APPICON_NAME = AppIcon;
				ASSETCATALOG_COMPILER_GLOBAL_ACCENT_COLOR_NAME = AccentColor;
				CODE_SIGN_ENTITLEMENTS = "Less Timer for Watch Watch App/Less Timer for Watch Watch App.entitlements";
				CODE_SIGN_STYLE = Automatic;
				CURRENT_PROJECT_VERSION = 1;
				DEVELOPMENT_ASSET_PATHS = "\"Less Timer for Watch Watch App/Preview Content\"";
				DEVELOPMENT_TEAM = 8AMJTDV2FM;
				ENABLE_PREVIEWS = YES;
				GENERATE_INFOPLIST_FILE = YES;
				INFOPLIST_FILE = "Less-Time-Watch-Watchkit-Info.plist";
				INFOPLIST_KEY_CFBundleDisplayName = "Less Timer for Watch";
				INFOPLIST_KEY_UISupportedInterfaceOrientations = "UIInterfaceOrientationPortrait UIInterfaceOrientationPortraitUpsideDown";
				INFOPLIST_KEY_WKCompanionAppBundleIdentifier = "Breault.Less-Timer-for-Watch";
				LD_RUNPATH_SEARCH_PATHS = (
					"$(inherited)",
					"@executable_path/Frameworks",
				);
				MARKETING_VERSION = 1.0;
				PRODUCT_BUNDLE_IDENTIFIER = "Breault.Less-Timer-for-Watch.watchkitapp";
				PRODUCT_NAME = "$(TARGET_NAME)";
				SDKROOT = watchos;
				SKIP_INSTALL = YES;
				SWIFT_EMIT_LOC_STRINGS = YES;
				SWIFT_VERSION = 5.0;
				TARGETED_DEVICE_FAMILY = 4;
				WATCHOS_DEPLOYMENT_TARGET = 11.2;
			};
			name = Debug;
		};
		50EB415D2D48ADFE0053E39A /* Release */ = {
			isa = XCBuildConfiguration;
			buildSettings = {
				ASSETCATALOG_COMPILER_APPICON_NAME = AppIcon;
				ASSETCATALOG_COMPILER_GLOBAL_ACCENT_COLOR_NAME = AccentColor;
				CODE_SIGN_ENTITLEMENTS = "Less Timer for Watch Watch App/Less Timer for Watch Watch App.entitlements";
				CODE_SIGN_STYLE = Automatic;
				CURRENT_PROJECT_VERSION = 1;
				DEVELOPMENT_ASSET_PATHS = "\"Less Timer for Watch Watch App/Preview Content\"";
				DEVELOPMENT_TEAM = 8AMJTDV2FM;
				ENABLE_PREVIEWS = YES;
				GENERATE_INFOPLIST_FILE = YES;
				INFOPLIST_FILE = "Less-Time-Watch-Watchkit-Info.plist";
				INFOPLIST_KEY_CFBundleDisplayName = "Less Timer for Watch";
				INFOPLIST_KEY_UISupportedInterfaceOrientations = "UIInterfaceOrientationPortrait UIInterfaceOrientationPortraitUpsideDown";
				INFOPLIST_KEY_WKCompanionAppBundleIdentifier = "Breault.Less-Timer-for-Watch";
				LD_RUNPATH_SEARCH_PATHS = (
					"$(inherited)",
					"@executable_path/Frameworks",
				);
				MARKETING_VERSION = 1.0;
				PRODUCT_BUNDLE_IDENTIFIER = "Breault.Less-Timer-for-Watch.watchkitapp";
				PRODUCT_NAME = "$(TARGET_NAME)";
				SDKROOT = watchos;
				SKIP_INSTALL = YES;
				SWIFT_EMIT_LOC_STRINGS = YES;
				SWIFT_VERSION = 5.0;
				TARGETED_DEVICE_FAMILY = 4;
				WATCHOS_DEPLOYMENT_TARGET = 11.2;
			};
			name = Release;
		};
		50EB41602D48ADFE0053E39A /* Debug */ = {
			isa = XCBuildConfiguration;
			buildSettings = {
				ASSETCATALOG_COMPILER_APPICON_NAME = AppIcon;
				ASSETCATALOG_COMPILER_GLOBAL_ACCENT_COLOR_NAME = AccentColor;
				CODE_SIGN_STYLE = Automatic;
				CURRENT_PROJECT_VERSION = 1;
				DEVELOPMENT_ASSET_PATHS = "\"Less Timer for Watch/Preview Content\"";
				DEVELOPMENT_TEAM = 8AMJTDV2FM;
				ENABLE_PREVIEWS = YES;
				GENERATE_INFOPLIST_FILE = YES;
				INFOPLIST_FILE = "Less-Time-Watch-App-Info.plist";
				INFOPLIST_KEY_CFBundleDisplayName = "Less Timer for Watch";
				INFOPLIST_KEY_UIApplicationSceneManifest_Generation = YES;
				INFOPLIST_KEY_UIApplicationSupportsIndirectInputEvents = YES;
				INFOPLIST_KEY_UILaunchScreen_Generation = YES;
				INFOPLIST_KEY_UISupportedInterfaceOrientations_iPad = "UIInterfaceOrientationPortrait UIInterfaceOrientationPortraitUpsideDown UIInterfaceOrientationLandscapeLeft UIInterfaceOrientationLandscapeRight";
				INFOPLIST_KEY_UISupportedInterfaceOrientations_iPhone = "UIInterfaceOrientationPortrait UIInterfaceOrientationLandscapeLeft UIInterfaceOrientationLandscapeRight";
				LD_RUNPATH_SEARCH_PATHS = (
					"$(inherited)",
					"@executable_path/Frameworks",
				);
				MARKETING_VERSION = 1.0;
				PRODUCT_BUNDLE_IDENTIFIER = "Breault.Less-Timer-for-Watch";
				PRODUCT_NAME = "$(TARGET_NAME)";
				SWIFT_EMIT_LOC_STRINGS = YES;
				SWIFT_VERSION = 5.0;
				TARGETED_DEVICE_FAMILY = "1,2";
			};
			name = Debug;
		};
		50EB41612D48ADFE0053E39A /* Release */ = {
			isa = XCBuildConfiguration;
			buildSettings = {
				ASSETCATALOG_COMPILER_APPICON_NAME = AppIcon;
				ASSETCATALOG_COMPILER_GLOBAL_ACCENT_COLOR_NAME = AccentColor;
				CODE_SIGN_STYLE = Automatic;
				CURRENT_PROJECT_VERSION = 1;
				DEVELOPMENT_ASSET_PATHS = "\"Less Timer for Watch/Preview Content\"";
				DEVELOPMENT_TEAM = 8AMJTDV2FM;
				ENABLE_PREVIEWS = YES;
				GENERATE_INFOPLIST_FILE = YES;
				INFOPLIST_FILE = "Less-Time-Watch-App-Info.plist";
				INFOPLIST_KEY_CFBundleDisplayName = "Less Timer for Watch";
				INFOPLIST_KEY_UIApplicationSceneManifest_Generation = YES;
				INFOPLIST_KEY_UIApplicationSupportsIndirectInputEvents = YES;
				INFOPLIST_KEY_UILaunchScreen_Generation = YES;
				INFOPLIST_KEY_UISupportedInterfaceOrientations_iPad = "UIInterfaceOrientationPortrait UIInterfaceOrientationPortraitUpsideDown UIInterfaceOrientationLandscapeLeft UIInterfaceOrientationLandscapeRight";
				INFOPLIST_KEY_UISupportedInterfaceOrientations_iPhone = "UIInterfaceOrientationPortrait UIInterfaceOrientationLandscapeLeft UIInterfaceOrientationLandscapeRight";
				LD_RUNPATH_SEARCH_PATHS = (
					"$(inherited)",
					"@executable_path/Frameworks",
				);
				MARKETING_VERSION = 1.0;
				PRODUCT_BUNDLE_IDENTIFIER = "Breault.Less-Timer-for-Watch";
				PRODUCT_NAME = "$(TARGET_NAME)";
				SWIFT_EMIT_LOC_STRINGS = YES;
				SWIFT_VERSION = 5.0;
				TARGETED_DEVICE_FAMILY = "1,2";
			};
			name = Release;
		};
		50EB41632D48ADFE0053E39A /* Debug */ = {
			isa = XCBuildConfiguration;
			buildSettings = {
				BUNDLE_LOADER = "$(TEST_HOST)";
				CODE_SIGN_STYLE = Automatic;
				CURRENT_PROJECT_VERSION = 1;
				DEVELOPMENT_TEAM = 8AMJTDV2FM;
				GENERATE_INFOPLIST_FILE = YES;
				IPHONEOS_DEPLOYMENT_TARGET = 18.2;
				MARKETING_VERSION = 1.0;
				PRODUCT_BUNDLE_IDENTIFIER = "Breault.Less-Timer-for-WatchTests";
				PRODUCT_NAME = "$(TARGET_NAME)";
				SWIFT_EMIT_LOC_STRINGS = NO;
				SWIFT_VERSION = 5.0;
				TARGETED_DEVICE_FAMILY = "1,2";
				TEST_HOST = "$(BUILT_PRODUCTS_DIR)/Less Timer for Watch.app/$(BUNDLE_EXECUTABLE_FOLDER_PATH)/Less Timer for Watch";
			};
			name = Debug;
		};
		50EB41642D48ADFE0053E39A /* Release */ = {
			isa = XCBuildConfiguration;
			buildSettings = {
				BUNDLE_LOADER = "$(TEST_HOST)";
				CODE_SIGN_STYLE = Automatic;
				CURRENT_PROJECT_VERSION = 1;
				DEVELOPMENT_TEAM = 8AMJTDV2FM;
				GENERATE_INFOPLIST_FILE = YES;
				IPHONEOS_DEPLOYMENT_TARGET = 18.2;
				MARKETING_VERSION = 1.0;
				PRODUCT_BUNDLE_IDENTIFIER = "Breault.Less-Timer-for-WatchTests";
				PRODUCT_NAME = "$(TARGET_NAME)";
				SWIFT_EMIT_LOC_STRINGS = NO;
				SWIFT_VERSION = 5.0;
				TARGETED_DEVICE_FAMILY = "1,2";
				TEST_HOST = "$(BUILT_PRODUCTS_DIR)/Less Timer for Watch.app/$(BUNDLE_EXECUTABLE_FOLDER_PATH)/Less Timer for Watch";
			};
			name = Release;
		};
		50EB41662D48ADFE0053E39A /* Debug */ = {
			isa = XCBuildConfiguration;
			buildSettings = {
				CODE_SIGN_STYLE = Automatic;
				CURRENT_PROJECT_VERSION = 1;
				DEVELOPMENT_TEAM = 8AMJTDV2FM;
				GENERATE_INFOPLIST_FILE = YES;
				MARKETING_VERSION = 1.0;
				PRODUCT_BUNDLE_IDENTIFIER = "Breault.Less-Timer-for-WatchUITests";
				PRODUCT_NAME = "$(TARGET_NAME)";
				SWIFT_EMIT_LOC_STRINGS = NO;
				SWIFT_VERSION = 5.0;
				TARGETED_DEVICE_FAMILY = "1,2";
				TEST_TARGET_NAME = "Less Timer for Watch";
			};
			name = Debug;
		};
		50EB41672D48ADFE0053E39A /* Release */ = {
			isa = XCBuildConfiguration;
			buildSettings = {
				CODE_SIGN_STYLE = Automatic;
				CURRENT_PROJECT_VERSION = 1;
				DEVELOPMENT_TEAM = 8AMJTDV2FM;
				GENERATE_INFOPLIST_FILE = YES;
				MARKETING_VERSION = 1.0;
				PRODUCT_BUNDLE_IDENTIFIER = "Breault.Less-Timer-for-WatchUITests";
				PRODUCT_NAME = "$(TARGET_NAME)";
				SWIFT_EMIT_LOC_STRINGS = NO;
				SWIFT_VERSION = 5.0;
				TARGETED_DEVICE_FAMILY = "1,2";
				TEST_TARGET_NAME = "Less Timer for Watch";
			};
			name = Release;
		};
		50EB41692D48ADFE0053E39A /* Debug */ = {
			isa = XCBuildConfiguration;
			buildSettings = {
				BUNDLE_LOADER = "$(TEST_HOST)";
				CODE_SIGN_STYLE = Automatic;
				CURRENT_PROJECT_VERSION = 1;
				DEVELOPMENT_TEAM = 8AMJTDV2FM;
				GENERATE_INFOPLIST_FILE = YES;
				MARKETING_VERSION = 1.0;
				PRODUCT_BUNDLE_IDENTIFIER = "Breault.Less-Timer-for-Watch-Watch-AppTests";
				PRODUCT_NAME = "$(TARGET_NAME)";
				SDKROOT = watchos;
				SWIFT_EMIT_LOC_STRINGS = NO;
				SWIFT_VERSION = 5.0;
				TARGETED_DEVICE_FAMILY = 4;
				TEST_HOST = "$(BUILT_PRODUCTS_DIR)/Less Timer for Watch Watch App.app/$(BUNDLE_EXECUTABLE_FOLDER_PATH)/Less Timer for Watch Watch App";
				WATCHOS_DEPLOYMENT_TARGET = 11.2;
			};
			name = Debug;
		};
		50EB416A2D48ADFE0053E39A /* Release */ = {
			isa = XCBuildConfiguration;
			buildSettings = {
				BUNDLE_LOADER = "$(TEST_HOST)";
				CODE_SIGN_STYLE = Automatic;
				CURRENT_PROJECT_VERSION = 1;
				DEVELOPMENT_TEAM = 8AMJTDV2FM;
				GENERATE_INFOPLIST_FILE = YES;
				MARKETING_VERSION = 1.0;
				PRODUCT_BUNDLE_IDENTIFIER = "Breault.Less-Timer-for-Watch-Watch-AppTests";
				PRODUCT_NAME = "$(TARGET_NAME)";
				SDKROOT = watchos;
				SWIFT_EMIT_LOC_STRINGS = NO;
				SWIFT_VERSION = 5.0;
				TARGETED_DEVICE_FAMILY = 4;
				TEST_HOST = "$(BUILT_PRODUCTS_DIR)/Less Timer for Watch Watch App.app/$(BUNDLE_EXECUTABLE_FOLDER_PATH)/Less Timer for Watch Watch App";
				WATCHOS_DEPLOYMENT_TARGET = 11.2;
			};
			name = Release;
		};
		50EB416C2D48ADFE0053E39A /* Debug */ = {
			isa = XCBuildConfiguration;
			buildSettings = {
				CODE_SIGN_STYLE = Automatic;
				CURRENT_PROJECT_VERSION = 1;
				DEVELOPMENT_TEAM = 8AMJTDV2FM;
				GENERATE_INFOPLIST_FILE = YES;
				MARKETING_VERSION = 1.0;
				PRODUCT_BUNDLE_IDENTIFIER = "Breault.Less-Timer-for-Watch-Watch-AppUITests";
				PRODUCT_NAME = "$(TARGET_NAME)";
				SDKROOT = watchos;
				SWIFT_EMIT_LOC_STRINGS = NO;
				SWIFT_VERSION = 5.0;
				TARGETED_DEVICE_FAMILY = 4;
				TEST_TARGET_NAME = "Less Timer for Watch Watch App";
				WATCHOS_DEPLOYMENT_TARGET = 11.2;
			};
			name = Debug;
		};
		50EB416D2D48ADFE0053E39A /* Release */ = {
			isa = XCBuildConfiguration;
			buildSettings = {
				CODE_SIGN_STYLE = Automatic;
				CURRENT_PROJECT_VERSION = 1;
				DEVELOPMENT_TEAM = 8AMJTDV2FM;
				GENERATE_INFOPLIST_FILE = YES;
				MARKETING_VERSION = 1.0;
				PRODUCT_BUNDLE_IDENTIFIER = "Breault.Less-Timer-for-Watch-Watch-AppUITests";
				PRODUCT_NAME = "$(TARGET_NAME)";
				SDKROOT = watchos;
				SWIFT_EMIT_LOC_STRINGS = NO;
				SWIFT_VERSION = 5.0;
				TARGETED_DEVICE_FAMILY = 4;
				TEST_TARGET_NAME = "Less Timer for Watch Watch App";
				WATCHOS_DEPLOYMENT_TARGET = 11.2;
			};
			name = Release;
		};
/* End XCBuildConfiguration section */

/* Begin XCConfigurationList section */
		500C65B92D3C49CA00FDEF0B /* Build configuration list for PBXProject "LessTimer" */ = {
			isa = XCConfigurationList;
			buildConfigurations = (
				500C65E02D3C49CC00FDEF0B /* Debug */,
				500C65E12D3C49CC00FDEF0B /* Release */,
			);
			defaultConfigurationIsVisible = 0;
			defaultConfigurationName = Release;
		};
		500C65E22D3C49CC00FDEF0B /* Build configuration list for PBXNativeTarget "LessTimer" */ = {
			isa = XCConfigurationList;
			buildConfigurations = (
				500C65E32D3C49CC00FDEF0B /* Debug */,
				500C65E42D3C49CC00FDEF0B /* Release */,
			);
			defaultConfigurationIsVisible = 0;
			defaultConfigurationName = Release;
		};
		500C65E52D3C49CC00FDEF0B /* Build configuration list for PBXNativeTarget "LessTimerTests" */ = {
			isa = XCConfigurationList;
			buildConfigurations = (
				500C65E62D3C49CC00FDEF0B /* Debug */,
				500C65E72D3C49CC00FDEF0B /* Release */,
			);
			defaultConfigurationIsVisible = 0;
			defaultConfigurationName = Release;
		};
		500C65E82D3C49CC00FDEF0B /* Build configuration list for PBXNativeTarget "LestTimerUITests" */ = {
			isa = XCConfigurationList;
			buildConfigurations = (
				500C65E92D3C49CC00FDEF0B /* Debug */,
				500C65EA2D3C49CC00FDEF0B /* Release */,
			);
			defaultConfigurationIsVisible = 0;
			defaultConfigurationName = Release;
		};
		50EB415B2D48ADFE0053E39A /* Build configuration list for PBXNativeTarget "Less Timer for Watch Watch App" */ = {
			isa = XCConfigurationList;
			buildConfigurations = (
				50EB415C2D48ADFE0053E39A /* Debug */,
				50EB415D2D48ADFE0053E39A /* Release */,
			);
			defaultConfigurationIsVisible = 0;
			defaultConfigurationName = Release;
		};
		50EB415F2D48ADFE0053E39A /* Build configuration list for PBXNativeTarget "Less Timer for Watch" */ = {
			isa = XCConfigurationList;
			buildConfigurations = (
				50EB41602D48ADFE0053E39A /* Debug */,
				50EB41612D48ADFE0053E39A /* Release */,
			);
			defaultConfigurationIsVisible = 0;
			defaultConfigurationName = Release;
		};
		50EB41622D48ADFE0053E39A /* Build configuration list for PBXNativeTarget "Less Timer for WatchTests" */ = {
			isa = XCConfigurationList;
			buildConfigurations = (
				50EB41632D48ADFE0053E39A /* Debug */,
				50EB41642D48ADFE0053E39A /* Release */,
			);
			defaultConfigurationIsVisible = 0;
			defaultConfigurationName = Release;
		};
		50EB41652D48ADFE0053E39A /* Build configuration list for PBXNativeTarget "Less Timer for WatchUITests" */ = {
			isa = XCConfigurationList;
			buildConfigurations = (
				50EB41662D48ADFE0053E39A /* Debug */,
				50EB41672D48ADFE0053E39A /* Release */,
			);
			defaultConfigurationIsVisible = 0;
			defaultConfigurationName = Release;
		};
		50EB41682D48ADFE0053E39A /* Build configuration list for PBXNativeTarget "Less Timer for Watch Watch AppTests" */ = {
			isa = XCConfigurationList;
			buildConfigurations = (
				50EB41692D48ADFE0053E39A /* Debug */,
				50EB416A2D48ADFE0053E39A /* Release */,
			);
			defaultConfigurationIsVisible = 0;
			defaultConfigurationName = Release;
		};
		50EB416B2D48ADFE0053E39A /* Build configuration list for PBXNativeTarget "Less Timer for Watch Watch AppUITests" */ = {
			isa = XCConfigurationList;
			buildConfigurations = (
				50EB416C2D48ADFE0053E39A /* Debug */,
				50EB416D2D48ADFE0053E39A /* Release */,
			);
			defaultConfigurationIsVisible = 0;
			defaultConfigurationName = Release;
		};
/* End XCConfigurationList section */
	};
	rootObject = 500C65B62D3C49CA00FDEF0B /* Project object */;
}
