// !$*UTF8*$!
{
	archiveVersion = 1;
	classes = {
	};
	objectVersion = 77;
	objects = {

/* Begin PBXContainerItemProxy section */
		500C65CF2D3C49CC00FDEF0B /* PBXContainerItemProxy */ = {
			isa = PBXContainerItemProxy;
			containerPortal = 500C65B62D3C49CA00FDEF0B /* Project object */;
			proxyType = 1;
			remoteGlobalIDString = 500C65BD2D3C49CA00FDEF0B;
			remoteInfo = "Nothing Timer";
		};
		500C65D92D3C49CC00FDEF0B /* PBXContainerItemProxy */ = {
			isa = PBXContainerItemProxy;
			containerPortal = 500C65B62D3C49CA00FDEF0B /* Project object */;
			proxyType = 1;
			remoteGlobalIDString = 500C65BD2D3C49CA00FDEF0B;
			remoteInfo = "Nothing Timer";
		};
/* End PBXContainerItemProxy section */

/* Begin PBXFileReference section */
		500C65BE2D3C49CA00FDEF0B /* Nothing Timer.app */ = {isa = PBXFileReference; explicitFileType = wrapper.application; includeInIndex = 0; path = "Nothing Timer.app"; sourceTree = BUILT_PRODUCTS_DIR; };
		500C65CE2D3C49CC00FDEF0B /* Nothing TimerTests.xctest */ = {isa = PBXFileReference; explicitFileType = wrapper.cfbundle; includeInIndex = 0; path = "Nothing TimerTests.xctest"; sourceTree = BUILT_PRODUCTS_DIR; };
		500C65D82D3C49CC00FDEF0B /* Nothing TimerUITests.xctest */ = {isa = PBXFileReference; explicitFileType = wrapper.cfbundle; includeInIndex = 0; path = "Nothing TimerUITests.xctest"; sourceTree = BUILT_PRODUCTS_DIR; };
/* End PBXFileReference section */

/* Begin PBXFileSystemSynchronizedRootGroup section */
		500C65C02D3C49CA00FDEF0B /* Nothing Timer */ = {
			isa = PBXFileSystemSynchronizedRootGroup;
			path = "Nothing Timer";
			sourceTree = "<group>";
		};
		500C65D12D3C49CC00FDEF0B /* Nothing TimerTests */ = {
			isa = PBXFileSystemSynchronizedRootGroup;
			path = "Nothing TimerTests";
			sourceTree = "<group>";
		};
		500C65DB2D3C49CC00FDEF0B /* Nothing TimerUITests */ = {
			isa = PBXFileSystemSynchronizedRootGroup;
			path = "Nothing TimerUITests";
			sourceTree = "<group>";
		};
/* End PBXFileSystemSynchronizedRootGroup section */

/* Begin PBXFrameworksBuildPhase section */
		500C65BB2D3C49CA00FDEF0B /* Frameworks */ = {
			isa = PBXFrameworksBuildPhase;
			buildActionMask = 2147483647;
			files = (
			);
			runOnlyForDeploymentPostprocessing = 0;
		};
		500C65CB2D3C49CC00FDEF0B /* Frameworks */ = {
			isa = PBXFrameworksBuildPhase;
			buildActionMask = 2147483647;
			files = (
			);
			runOnlyForDeploymentPostprocessing = 0;
		};
		500C65D52D3C49CC00FDEF0B /* Frameworks */ = {
			isa = PBXFrameworksBuildPhase;
			buildActionMask = 2147483647;
			files = (
			);
			runOnlyForDeploymentPostprocessing = 0;
		};
/* End PBXFrameworksBuildPhase section */

/* Begin PBXGroup section */
		500C65B52D3C49CA00FDEF0B = {
			isa = PBXGroup;
			children = (
				500C65C02D3C49CA00FDEF0B /* Nothing Timer */,
				500C65D12D3C49CC00FDEF0B /* Nothing TimerTests */,
				500C65DB2D3C49CC00FDEF0B /* Nothing TimerUITests */,
				500C65BF2D3C49CA00FDEF0B /* Products */,
			);
			sourceTree = "<group>";
		};
		500C65BF2D3C49CA00FDEF0B /* Products */ = {
			isa = PBXGroup;
			children = (
				500C65BE2D3C49CA00FDEF0B /* Nothing Timer.app */,
				500C65CE2D3C49CC00FDEF0B /* Nothing TimerTests.xctest */,
				500C65D82D3C49CC00FDEF0B /* Nothing TimerUITests.xctest */,
			);
			name = Products;
			sourceTree = "<group>";
		};
/* End PBXGroup section */

/* Begin PBXNativeTarget section */
		500C65BD2D3C49CA00FDEF0B /* Nothing Timer */ = {
			isa = PBXNativeTarget;
			buildConfigurationList = 500C65E22D3C49CC00FDEF0B /* Build configuration list for PBXNativeTarget "Nothing Timer" */;
			buildPhases = (
				500C65BA2D3C49CA00FDEF0B /* Sources */,
				500C65BB2D3C49CA00FDEF0B /* Frameworks */,
				500C65BC2D3C49CA00FDEF0B /* Resources */,
			);
			buildRules = (
			);
			dependencies = (
			);
			fileSystemSynchronizedGroups = (
				500C65C02D3C49CA00FDEF0B /* Nothing Timer */,
			);
			name = "Nothing Timer";
			packageProductDependencies = (
			);
			productName = "Nothing Timer";
			productReference = 500C65BE2D3C49CA00FDEF0B /* Nothing Timer.app */;
			productType = "com.apple.product-type.application";
		};
		500C65CD2D3C49CC00FDEF0B /* Nothing TimerTests */ = {
			isa = PBXNativeTarget;
			buildConfigurationList = 500C65E52D3C49CC00FDEF0B /* Build configuration list for PBXNativeTarget "Nothing TimerTests" */;
			buildPhases = (
				500C65CA2D3C49CC00FDEF0B /* Sources */,
				500C65CB2D3C49CC00FDEF0B /* Frameworks */,
				500C65CC2D3C49CC00FDEF0B /* Resources */,
			);
			buildRules = (
			);
			dependencies = (
				500C65D02D3C49CC00FDEF0B /* PBXTargetDependency */,
			);
			fileSystemSynchronizedGroups = (
				500C65D12D3C49CC00FDEF0B /* Nothing TimerTests */,
			);
			name = "Nothing TimerTests";
			packageProductDependencies = (
			);
			productName = "Nothing TimerTests";
			productReference = 500C65CE2D3C49CC00FDEF0B /* Nothing TimerTests.xctest */;
			productType = "com.apple.product-type.bundle.unit-test";
		};
		500C65D72D3C49CC00FDEF0B /* Nothing TimerUITests */ = {
			isa = PBXNativeTarget;
			buildConfigurationList = 500C65E82D3C49CC00FDEF0B /* Build configuration list for PBXNativeTarget "Nothing TimerUITests" */;
			buildPhases = (
				500C65D42D3C49CC00FDEF0B /* Sources */,
				500C65D52D3C49CC00FDEF0B /* Frameworks */,
				500C65D62D3C49CC00FDEF0B /* Resources */,
			);
			buildRules = (
			);
			dependencies = (
				500C65DA2D3C49CC00FDEF0B /* PBXTargetDependency */,
			);
			fileSystemSynchronizedGroups = (
				500C65DB2D3C49CC00FDEF0B /* Nothing TimerUITests */,
			);
			name = "Nothing TimerUITests";
			packageProductDependencies = (
			);
			productName = "Nothing TimerUITests";
			productReference = 500C65D82D3C49CC00FDEF0B /* Nothing TimerUITests.xctest */;
			productType = "com.apple.product-type.bundle.ui-testing";
		};
/* End PBXNativeTarget section */

/* Begin PBXProject section */
		500C65B62D3C49CA00FDEF0B /* Project object */ = {
			isa = PBXProject;
			attributes = {
				BuildIndependentTargetsInParallel = 1;
				LastSwiftUpdateCheck = 1620;
				LastUpgradeCheck = 1620;
				TargetAttributes = {
					500C65BD2D3C49CA00FDEF0B = {
						CreatedOnToolsVersion = 16.2;
					};
					500C65CD2D3C49CC00FDEF0B = {
						CreatedOnToolsVersion = 16.2;
						TestTargetID = 500C65BD2D3C49CA00FDEF0B;
					};
					500C65D72D3C49CC00FDEF0B = {
						CreatedOnToolsVersion = 16.2;
						TestTargetID = 500C65BD2D3C49CA00FDEF0B;
					};
				};
			};
			buildConfigurationList = 500C65B92D3C49CA00FDEF0B /* Build configuration list for PBXProject "Nothing Timer" */;
			developmentRegion = en;
			hasScannedForEncodings = 0;
			knownRegions = (
				en,
				Base,
			);
			mainGroup = 500C65B52D3C49CA00FDEF0B;
			minimizedProjectReferenceProxies = 1;
			preferredProjectObjectVersion = 77;
			productRefGroup = 500C65BF2D3C49CA00FDEF0B /* Products */;
			projectDirPath = "";
			projectRoot = "";
			targets = (
				500C65BD2D3C49CA00FDEF0B /* Nothing Timer */,
				500C65CD2D3C49CC00FDEF0B /* Nothing TimerTests */,
				500C65D72D3C49CC00FDEF0B /* Nothing TimerUITests */,
			);
		};
/* End PBXProject section */

/* Begin PBXResourcesBuildPhase section */
		500C65BC2D3C49CA00FDEF0B /* Resources */ = {
			isa = PBXResourcesBuildPhase;
			buildActionMask = 2147483647;
			files = (
			);
			runOnlyForDeploymentPostprocessing = 0;
		};
		500C65CC2D3C49CC00FDEF0B /* Resources */ = {
			isa = PBXResourcesBuildPhase;
			buildActionMask = 2147483647;
			files = (
			);
			runOnlyForDeploymentPostprocessing = 0;
		};
		500C65D62D3C49CC00FDEF0B /* Resources */ = {
			isa = PBXResourcesBuildPhase;
			buildActionMask = 2147483647;
			files = (
			);
			runOnlyForDeploymentPostprocessing = 0;
		};
/* End PBXResourcesBuildPhase section */

/* Begin PBXSourcesBuildPhase section */
		500C65BA2D3C49CA00FDEF0B /* Sources */ = {
			isa = PBXSourcesBuildPhase;
			buildActionMask = 2147483647;
			files = (
			);
			runOnlyForDeploymentPostprocessing = 0;
		};
		500C65CA2D3C49CC00FDEF0B /* Sources */ = {
			isa = PBXSourcesBuildPhase;
			buildActionMask = 2147483647;
			files = (
			);
			runOnlyForDeploymentPostprocessing = 0;
		};
		500C65D42D3C49CC00FDEF0B /* Sources */ = {
			isa = PBXSourcesBuildPhase;
			buildActionMask = 2147483647;
			files = (
			);
			runOnlyForDeploymentPostprocessing = 0;
		};
/* End PBXSourcesBuildPhase section */

/* Begin PBXTargetDependency section */
		500C65D02D3C49CC00FDEF0B /* PBXTargetDependency */ = {
			isa = PBXTargetDependency;
			target = 500C65BD2D3C49CA00FDEF0B /* Nothing Timer */;
			targetProxy = 500C65CF2D3C49CC00FDEF0B /* PBXContainerItemProxy */;
		};
		500C65DA2D3C49CC00FDEF0B /* PBXTargetDependency */ = {
			isa = PBXTargetDependency;
			target = 500C65BD2D3C49CA00FDEF0B /* Nothing Timer */;
			targetProxy = 500C65D92D3C49CC00FDEF0B /* PBXContainerItemProxy */;
		};
/* End PBXTargetDependency section */

/* Begin XCBuildConfiguration section */
		500C65E02D3C49CC00FDEF0B /* Debug */ = {
			isa = XCBuildConfiguration;
			buildSettings = {
				ALWAYS_SEARCH_USER_PATHS = NO;
				ASSETCATALOG_COMPILER_GENERATE_SWIFT_ASSET_SYMBOL_EXTENSIONS = YES;
				CLANG_ANALYZER_NONNULL = YES;
				CLANG_ANALYZER_NUMBER_OBJECT_CONVERSION = YES_AGGRESSIVE;
				CLANG_CXX_LANGUAGE_STANDARD = "gnu++20";
				CLANG_ENABLE_MODULES = YES;
				CLANG_ENABLE_OBJC_ARC = YES;
				CLANG_ENABLE_OBJC_WEAK = YES;
				CLANG_WARN_BLOCK_CAPTURE_AUTORELEASING = YES;
				CLANG_WARN_BOOL_CONVERSION = YES;
				CLANG_WARN_COMMA = YES;
				CLANG_WARN_CONSTANT_CONVERSION = YES;
				CLANG_WARN_DEPRECATED_OBJC_IMPLEMENTATIONS = YES;
				CLANG_WARN_DIRECT_OBJC_ISA_USAGE = YES_ERROR;
				CLANG_WARN_DOCUMENTATION_COMMENTS = YES;
				CLANG_WARN_EMPTY_BODY = YES;
				CLANG_WARN_ENUM_CONVERSION = YES;
				CLANG_WARN_INFINITE_RECURSION = YES;
				CLANG_WARN_INT_CONVERSION = YES;
				CLANG_WARN_NON_LITERAL_NULL_CONVERSION = YES;
				CLANG_WARN_OBJC_IMPLICIT_RETAIN_SELF = YES;
				CLANG_WARN_OBJC_LITERAL_CONVERSION = YES;
				CLANG_WARN_OBJC_ROOT_CLASS = YES_ERROR;
				CLANG_WARN_QUOTED_INCLUDE_IN_FRAMEWORK_HEADER = YES;
				CLANG_WARN_RANGE_LOOP_ANALYSIS = YES;
				CLANG_WARN_STRICT_PROTOTYPES = YES;
				CLANG_WARN_SUSPICIOUS_MOVE = YES;
				CLANG_WARN_UNGUARDED_AVAILABILITY = YES_AGGRESSIVE;
				CLANG_WARN_UNREACHABLE_CODE = YES;
				CLANG_WARN__DUPLICATE_METHOD_MATCH = YES;
				COPY_PHASE_STRIP = NO;
				DEBUG_INFORMATION_FORMAT = dwarf;
				ENABLE_STRICT_OBJC_MSGSEND = YES;
				ENABLE_TESTABILITY = YES;
				ENABLE_USER_SCRIPT_SANDBOXING = YES;
				GCC_C_LANGUAGE_STANDARD = gnu17;
				GCC_DYNAMIC_NO_PIC = NO;
				GCC_NO_COMMON_BLOCKS = YES;
				GCC_OPTIMIZATION_LEVEL = 0;
				GCC_PREPROCESSOR_DEFINITIONS = (
					"DEBUG=1",
					"$(inherited)",
				);
				GCC_WARN_64_TO_32_BIT_CONVERSION = YES;
				GCC_WARN_ABOUT_RETURN_TYPE = YES_ERROR;
				GCC_WARN_UNDECLARED_SELECTOR = YES;
				GCC_WARN_UNINITIALIZED_AUTOS = YES_AGGRESSIVE;
				GCC_WARN_UNUSED_FUNCTION = YES;
				GCC_WARN_UNUSED_VARIABLE = YES;
				IPHONEOS_DEPLOYMENT_TARGET = 18.2;
				LOCALIZATION_PREFERS_STRING_CATALOGS = YES;
				MTL_ENABLE_DEBUG_INFO = INCLUDE_SOURCE;
				MTL_FAST_MATH = YES;
				ONLY_ACTIVE_ARCH = YES;
				SDKROOT = iphoneos;
				SWIFT_ACTIVE_COMPILATION_CONDITIONS = "DEBUG $(inherited)";
				SWIFT_OPTIMIZATION_LEVEL = "-Onone";
			};
			name = Debug;
		};
		500C65E12D3C49CC00FDEF0B /* Release */ = {
			isa = XCBuildConfiguration;
			buildSettings = {
				ALWAYS_SEARCH_USER_PATHS = NO;
				ASSETCATALOG_COMPILER_GENERATE_SWIFT_ASSET_SYMBOL_EXTENSIONS = YES;
				CLANG_ANALYZER_NONNULL = YES;
				CLANG_ANALYZER_NUMBER_OBJECT_CONVERSION = YES_AGGRESSIVE;
				CLANG_CXX_LANGUAGE_STANDARD = "gnu++20";
				CLANG_ENABLE_MODULES = YES;
				CLANG_ENABLE_OBJC_ARC = YES;
				CLANG_ENABLE_OBJC_WEAK = YES;
				CLANG_WARN_BLOCK_CAPTURE_AUTORELEASING = YES;
				CLANG_WARN_BOOL_CONVERSION = YES;
				CLANG_WARN_COMMA = YES;
				CLANG_WARN_CONSTANT_CONVERSION = YES;
				CLANG_WARN_DEPRECATED_OBJC_IMPLEMENTATIONS = YES;
				CLANG_WARN_DIRECT_OBJC_ISA_USAGE = YES_ERROR;
				CLANG_WARN_DOCUMENTATION_COMMENTS = YES;
				CLANG_WARN_EMPTY_BODY = YES;
				CLANG_WARN_ENUM_CONVERSION = YES;
				CLANG_WARN_INFINITE_RECURSION = YES;
				CLANG_WARN_INT_CONVERSION = YES;
				CLANG_WARN_NON_LITERAL_NULL_CONVERSION = YES;
				CLANG_WARN_OBJC_IMPLICIT_RETAIN_SELF = YES;
				CLANG_WARN_OBJC_LITERAL_CONVERSION = YES;
				CLANG_WARN_OBJC_ROOT_CLASS = YES_ERROR;
				CLANG_WARN_QUOTED_INCLUDE_IN_FRAMEWORK_HEADER = YES;
				CLANG_WARN_RANGE_LOOP_ANALYSIS = YES;
				CLANG_WARN_STRICT_PROTOTYPES = YES;
				CLANG_WARN_SUSPICIOUS_MOVE = YES;
				CLANG_WARN_UNGUARDED_AVAILABILITY = YES_AGGRESSIVE;
				CLANG_WARN_UNREACHABLE_CODE = YES;
				CLANG_WARN__DUPLICATE_METHOD_MATCH = YES;
				COPY_PHASE_STRIP = NO;
				DEBUG_INFORMATION_FORMAT = "dwarf-with-dsym";
				ENABLE_NS_ASSERTIONS = NO;
				ENABLE_STRICT_OBJC_MSGSEND = YES;
				ENABLE_USER_SCRIPT_SANDBOXING = YES;
				GCC_C_LANGUAGE_STANDARD = gnu17;
				GCC_NO_COMMON_BLOCKS = YES;
				GCC_WARN_64_TO_32_BIT_CONVERSION = YES;
				GCC_WARN_ABOUT_RETURN_TYPE = YES_ERROR;
				GCC_WARN_UNDECLARED_SELECTOR = YES;
				GCC_WARN_UNINITIALIZED_AUTOS = YES_AGGRESSIVE;
				GCC_WARN_UNUSED_FUNCTION = YES;
				GCC_WARN_UNUSED_VARIABLE = YES;
				IPHONEOS_DEPLOYMENT_TARGET = 18.2;
				LOCALIZATION_PREFERS_STRING_CATALOGS = YES;
				MTL_ENABLE_DEBUG_INFO = NO;
				MTL_FAST_MATH = YES;
				SDKROOT = iphoneos;
				SWIFT_COMPILATION_MODE = wholemodule;
				VALIDATE_PRODUCT = YES;
			};
			name = Release;
		};
		500C65E32D3C49CC00FDEF0B /* Debug */ = {
			isa = XCBuildConfiguration;
			buildSettings = {
				ASSETCATALOG_COMPILER_APPICON_NAME = AppIcon;
				ASSETCATALOG_COMPILER_GLOBAL_ACCENT_COLOR_NAME = AccentColor;
				CODE_SIGN_ENTITLEMENTS = "Nothing Timer/Nothing Timer.entitlements";
				CODE_SIGN_STYLE = Automatic;
				CURRENT_PROJECT_VERSION = 1;
				DEVELOPMENT_ASSET_PATHS = "\"Nothing Timer/Preview Content\"";
				DEVELOPMENT_TEAM = 8AMJTDV2FM;
				ENABLE_PREVIEWS = YES;
				GENERATE_INFOPLIST_FILE = YES;
				INFOPLIST_FILE = "Nothing-Timer-Info.plist";
				INFOPLIST_KEY_UIApplicationSceneManifest_Generation = YES;
				INFOPLIST_KEY_UIApplicationSupportsIndirectInputEvents = YES;
				INFOPLIST_KEY_UILaunchScreen_Generation = YES;
				INFOPLIST_KEY_UISupportedInterfaceOrientations_iPad = "UIInterfaceOrientationPortrait UIInterfaceOrientationPortraitUpsideDown UIInterfaceOrientationLandscapeLeft UIInterfaceOrientationLandscapeRight";
				INFOPLIST_KEY_UISupportedInterfaceOrientations_iPhone = "UIInterfaceOrientationPortrait UIInterfaceOrientationLandscapeLeft UIInterfaceOrientationLandscapeRight";
				LD_RUNPATH_SEARCH_PATHS = (
					"$(inherited)",
					"@executable_path/Frameworks",
				);
				MARKETING_VERSION = 1.0;
				PRODUCT_BUNDLE_IDENTIFIER = "Breault.Nothing-Timer";
				PRODUCT_NAME = "$(TARGET_NAME)";
				SWIFT_EMIT_LOC_STRINGS = YES;
				SWIFT_VERSION = 5.0;
				TARGETED_DEVICE_FAMILY = "1,2";
			};
			name = Debug;
		};
		500C65E42D3C49CC00FDEF0B /* Release */ = {
			isa = XCBuildConfiguration;
			buildSettings = {
				ASSETCATALOG_COMPILER_APPICON_NAME = AppIcon;
				ASSETCATALOG_COMPILER_GLOBAL_ACCENT_COLOR_NAME = AccentColor;
				CODE_SIGN_ENTITLEMENTS = "Nothing Timer/Nothing Timer.entitlements";
				CODE_SIGN_STYLE = Automatic;
				CURRENT_PROJECT_VERSION = 1;
				DEVELOPMENT_ASSET_PATHS = "\"Nothing Timer/Preview Content\"";
				DEVELOPMENT_TEAM = 8AMJTDV2FM;
				ENABLE_PREVIEWS = YES;
				GENERATE_INFOPLIST_FILE = YES;
				INFOPLIST_FILE = "Nothing-Timer-Info.plist";
				INFOPLIST_KEY_UIApplicationSceneManifest_Generation = YES;
				INFOPLIST_KEY_UIApplicationSupportsIndirectInputEvents = YES;
				INFOPLIST_KEY_UILaunchScreen_Generation = YES;
				INFOPLIST_KEY_UISupportedInterfaceOrientations_iPad = "UIInterfaceOrientationPortrait UIInterfaceOrientationPortraitUpsideDown UIInterfaceOrientationLandscapeLeft UIInterfaceOrientationLandscapeRight";
				INFOPLIST_KEY_UISupportedInterfaceOrientations_iPhone = "UIInterfaceOrientationPortrait UIInterfaceOrientationLandscapeLeft UIInterfaceOrientationLandscapeRight";
				LD_RUNPATH_SEARCH_PATHS = (
					"$(inherited)",
					"@executable_path/Frameworks",
				);
				MARKETING_VERSION = 1.0;
				PRODUCT_BUNDLE_IDENTIFIER = "Breault.Nothing-Timer";
				PRODUCT_NAME = "$(TARGET_NAME)";
				SWIFT_EMIT_LOC_STRINGS = YES;
				SWIFT_VERSION = 5.0;
				TARGETED_DEVICE_FAMILY = "1,2";
			};
			name = Release;
		};
		500C65E62D3C49CC00FDEF0B /* Debug */ = {
			isa = XCBuildConfiguration;
			buildSettings = {
				BUNDLE_LOADER = "$(TEST_HOST)";
				CODE_SIGN_STYLE = Automatic;
				CURRENT_PROJECT_VERSION = 1;
				DEVELOPMENT_TEAM = 8AMJTDV2FM;
				GENERATE_INFOPLIST_FILE = YES;
				IPHONEOS_DEPLOYMENT_TARGET = 18.2;
				MARKETING_VERSION = 1.0;
				PRODUCT_BUNDLE_IDENTIFIER = "Breault.Nothing-TimerTests";
				PRODUCT_NAME = "$(TARGET_NAME)";
				SWIFT_EMIT_LOC_STRINGS = NO;
				SWIFT_VERSION = 5.0;
				TARGETED_DEVICE_FAMILY = "1,2";
				TEST_HOST = "$(BUILT_PRODUCTS_DIR)/Nothing Timer.app/$(BUNDLE_EXECUTABLE_FOLDER_PATH)/Nothing Timer";
			};
			name = Debug;
		};
		500C65E72D3C49CC00FDEF0B /* Release */ = {
			isa = XCBuildConfiguration;
			buildSettings = {
				BUNDLE_LOADER = "$(TEST_HOST)";
				CODE_SIGN_STYLE = Automatic;
				CURRENT_PROJECT_VERSION = 1;
				DEVELOPMENT_TEAM = 8AMJTDV2FM;
				GENERATE_INFOPLIST_FILE = YES;
				IPHONEOS_DEPLOYMENT_TARGET = 18.2;
				MARKETING_VERSION = 1.0;
				PRODUCT_BUNDLE_IDENTIFIER = "Breault.Nothing-TimerTests";
				PRODUCT_NAME = "$(TARGET_NAME)";
				SWIFT_EMIT_LOC_STRINGS = NO;
				SWIFT_VERSION = 5.0;
				TARGETED_DEVICE_FAMILY = "1,2";
				TEST_HOST = "$(BUILT_PRODUCTS_DIR)/Nothing Timer.app/$(BUNDLE_EXECUTABLE_FOLDER_PATH)/Nothing Timer";
			};
			name = Release;
		};
		500C65E92D3C49CC00FDEF0B /* Debug */ = {
			isa = XCBuildConfiguration;
			buildSettings = {
				CODE_SIGN_STYLE = Automatic;
				CURRENT_PROJECT_VERSION = 1;
				DEVELOPMENT_TEAM = 8AMJTDV2FM;
				GENERATE_INFOPLIST_FILE = YES;
				MARKETING_VERSION = 1.0;
				PRODUCT_BUNDLE_IDENTIFIER = "Breault.Nothing-TimerUITests";
				PRODUCT_NAME = "$(TARGET_NAME)";
				SWIFT_EMIT_LOC_STRINGS = NO;
				SWIFT_VERSION = 5.0;
				TARGETED_DEVICE_FAMILY = "1,2";
				TEST_TARGET_NAME = "Nothing Timer";
			};
			name = Debug;
		};
		500C65EA2D3C49CC00FDEF0B /* Release */ = {
			isa = XCBuildConfiguration;
			buildSettings = {
				CODE_SIGN_STYLE = Automatic;
				CURRENT_PROJECT_VERSION = 1;
				DEVELOPMENT_TEAM = 8AMJTDV2FM;
				GENERATE_INFOPLIST_FILE = YES;
				MARKETING_VERSION = 1.0;
				PRODUCT_BUNDLE_IDENTIFIER = "Breault.Nothing-TimerUITests";
				PRODUCT_NAME = "$(TARGET_NAME)";
				SWIFT_EMIT_LOC_STRINGS = NO;
				SWIFT_VERSION = 5.0;
				TARGETED_DEVICE_FAMILY = "1,2";
				TEST_TARGET_NAME = "Nothing Timer";
			};
			name = Release;
		};
/* End XCBuildConfiguration section */

/* Begin XCConfigurationList section */
		500C65B92D3C49CA00FDEF0B /* Build configuration list for PBXProject "Nothing Timer" */ = {
			isa = XCConfigurationList;
			buildConfigurations = (
				500C65E02D3C49CC00FDEF0B /* Debug */,
				500C65E12D3C49CC00FDEF0B /* Release */,
			);
			defaultConfigurationIsVisible = 0;
			defaultConfigurationName = Release;
		};
		500C65E22D3C49CC00FDEF0B /* Build configuration list for PBXNativeTarget "Nothing Timer" */ = {
			isa = XCConfigurationList;
			buildConfigurations = (
				500C65E32D3C49CC00FDEF0B /* Debug */,
				500C65E42D3C49CC00FDEF0B /* Release */,
			);
			defaultConfigurationIsVisible = 0;
			defaultConfigurationName = Release;
		};
		500C65E52D3C49CC00FDEF0B /* Build configuration list for PBXNativeTarget "Nothing TimerTests" */ = {
			isa = XCConfigurationList;
			buildConfigurations = (
				500C65E62D3C49CC00FDEF0B /* Debug */,
				500C65E72D3C49CC00FDEF0B /* Release */,
			);
			defaultConfigurationIsVisible = 0;
			defaultConfigurationName = Release;
		};
		500C65E82D3C49CC00FDEF0B /* Build configuration list for PBXNativeTarget "Nothing TimerUITests" */ = {
			isa = XCConfigurationList;
			buildConfigurations = (
				500C65E92D3C49CC00FDEF0B /* Debug */,
				500C65EA2D3C49CC00FDEF0B /* Release */,
			);
			defaultConfigurationIsVisible = 0;
			defaultConfigurationName = Release;
		};
/* End XCConfigurationList section */
	};
	rootObject = 500C65B62D3C49CA00FDEF0B /* Project object */;
}
